{
  "name": "trabalho-1-cg",
  "version": "1.0.0",
  "lockfileVersion": 3,
  "requires": true,
  "packages": {
    "": {
      "name": "trabalho-1-cg",
      "version": "1.0.0",
      "license": "UNLICENSED",
      "dependencies": {
        "twgl.js": "^5.5.4"
      },
      "devDependencies": {
        "run-script-os": "^1.1.6"
      }
    },
    "node_modules/run-script-os": {
      "version": "1.1.6",
      "resolved": "https://registry.npmjs.org/run-script-os/-/run-script-os-1.1.6.tgz",
      "integrity": "sha512-ql6P2LzhBTTDfzKts+Qo4H94VUKpxKDFz6QxxwaUZN0mwvi7L3lpOI7BqPCq7lgDh3XLl0dpeXwfcVIitlrYrw==",
      "dev": true,
      "bin": {
        "run-os": "index.js",
        "run-script-os": "index.js"
      }
    },
    "node_modules/twgl.js": {
      "version": "5.5.4",
      "resolved": "https://registry.npmjs.org/twgl.js/-/twgl.js-5.5.4.tgz",
      "integrity": "sha512-6kFOmijOpmblTN9CCwOTCxK4lPg7rCyQjLuub6EMOlEp89Ex6yUcsMjsmH7andNPL2NE3XmHdqHeP5gVKKPhxw=="
    }
  }
}
